
Microsoft Visual Studio Solution File, Format Version 12.00
# Visual Studio Version 17
VisualStudioVersion = 17.5.33530.505
MinimumVisualStudioVersion = 10.0.40219.1
Project("{8BC9CEB8-8B4A-11D0-8D11-00A0C91BC942}") = "bitcoin-bitvm-compiler", "bitcoin-bitvm-compiler.vcxproj", "{3C662BD1-81FF-43F8-8B00-7C0478A44816}"
EndProject
Global
	GlobalSection(SolutionConfigurationPlatforms) = preSolution
		Debug|x64 = Debug|x64
		Release|x64 = Release|x64
	EndGlobalSection
	GlobalSection(ProjectConfigurationPlatforms) = postSolution
		{3C662BD1-81FF-43F8-8B00-7C0478A44816}.Debug|x64.ActiveCfg = Debug|x64
		{3C662BD1-81FF-43F8-8B00-7C0478A44816}.Debug|x64.Build.0 = Debug|x64
		{3C662BD1-81FF-43F8-8B00-7C0478A44816}.Release|x64.ActiveCfg = Release|x64
		{3C662BD1-81FF-43F8-8B00-7C0478A44816}.Release|x64.Build.0 = Release|x64
	EndGlobalSection
	GlobalSection(SolutionProperties) = preSolution
		HideSolutionNode = FALSE
	EndGlobalSection
	GlobalSection(ExtensibilityGlobals) = postSolution
		SolutionGuid = {B1909E92-59A7-42B3-8D76-7980AD23CA2E}
	EndGlobalSection
EndGlobal
